
Microsoft Visual Studio Solution File, Format Version 12.00
Project("{FAE04EC0-301F-11D3-BF4B-00C04F79EFBC}") = "SUT24_TooliRent_V2", "SUT24_TooliRent_V2\SUT24_TooliRent_V2.csproj", "{87203F8C-835C-4FAF-AC2F-FFACEA9BE6FC}"
EndProject
Global
	GlobalSection(SolutionConfigurationPlatforms) = preSolution
		Debug|Any CPU = Debug|Any CPU
		Release|Any CPU = Release|Any CPU
	EndGlobalSection
	GlobalSection(ProjectConfigurationPlatforms) = postSolution
		{87203F8C-835C-4FAF-AC2F-FFACEA9BE6FC}.Debug|Any CPU.ActiveCfg = Debug|Any CPU
		{87203F8C-835C-4FAF-AC2F-FFACEA9BE6FC}.Debug|Any CPU.Build.0 = Debug|Any CPU
		{87203F8C-835C-4FAF-AC2F-FFACEA9BE6FC}.Release|Any CPU.ActiveCfg = Release|Any CPU
		{87203F8C-835C-4FAF-AC2F-FFACEA9BE6FC}.Release|Any CPU.Build.0 = Release|Any CPU
	EndGlobalSection
EndGlobal
