
Microsoft Visual Studio Solution File, Format Version 12.00
Project("{FAE04EC0-301F-11D3-BF4B-00C04F79EFBC}") = "SUT24_TooliRent_V2_API", "SUT24_TooliRent_V2_API\SUT24_TooliRent_V2_API.csproj", "{87203F8C-835C-4FAF-AC2F-FFACEA9BE6FC}"
EndProject
Project("{FAE04EC0-301F-11D3-BF4B-00C04F79EFBC}") = "SUT24_TooliRent_V2_Domain", "SUT24_TooliRent_V2_Domain\SUT24_TooliRent_V2_Domain.csproj", "{AED15FB7-AC60-4DA7-9DE6-EE60B8DCABBF}"
EndProject
Project("{FAE04EC0-301F-11D3-BF4B-00C04F79EFBC}") = "SUT24_TooliRent_V2_Infrastructure", "SUT24_TooliRent_V2_Infrastructure\SUT24_TooliRent_V2_Infrastructure.csproj", "{1107142A-208A-48FF-B4A2-213808677A31}"
EndProject
Global
	GlobalSection(SolutionConfigurationPlatforms) = preSolution
		Debug|Any CPU = Debug|Any CPU
		Release|Any CPU = Release|Any CPU
	EndGlobalSection
	GlobalSection(ProjectConfigurationPlatforms) = postSolution
		{87203F8C-835C-4FAF-AC2F-FFACEA9BE6FC}.Debug|Any CPU.ActiveCfg = Debug|Any CPU
		{87203F8C-835C-4FAF-AC2F-FFACEA9BE6FC}.Debug|Any CPU.Build.0 = Debug|Any CPU
		{87203F8C-835C-4FAF-AC2F-FFACEA9BE6FC}.Release|Any CPU.ActiveCfg = Release|Any CPU
		{87203F8C-835C-4FAF-AC2F-FFACEA9BE6FC}.Release|Any CPU.Build.0 = Release|Any CPU
		{AED15FB7-AC60-4DA7-9DE6-EE60B8DCABBF}.Debug|Any CPU.ActiveCfg = Debug|Any CPU
		{AED15FB7-AC60-4DA7-9DE6-EE60B8DCABBF}.Debug|Any CPU.Build.0 = Debug|Any CPU
		{AED15FB7-AC60-4DA7-9DE6-EE60B8DCABBF}.Release|Any CPU.ActiveCfg = Release|Any CPU
		{AED15FB7-AC60-4DA7-9DE6-EE60B8DCABBF}.Release|Any CPU.Build.0 = Release|Any CPU
		{1107142A-208A-48FF-B4A2-213808677A31}.Debug|Any CPU.ActiveCfg = Debug|Any CPU
		{1107142A-208A-48FF-B4A2-213808677A31}.Debug|Any CPU.Build.0 = Debug|Any CPU
		{1107142A-208A-48FF-B4A2-213808677A31}.Release|Any CPU.ActiveCfg = Release|Any CPU
		{1107142A-208A-48FF-B4A2-213808677A31}.Release|Any CPU.Build.0 = Release|Any CPU
	EndGlobalSection
EndGlobal
